
Microsoft Visual Studio Solution File, Format Version 12.00
# Visual Studio Version 17
VisualStudioVersion = 17.14.36511.14 d17.14
MinimumVisualStudioVersion = 10.0.40219.1
Project("{FAE04EC0-301F-11D3-BF4B-00C04F79EFBC}") = "Forum GED Mock Test", "Forum GED Mock Test\Forum GED Mock Test.csproj", "{91448681-0D1C-4C95-B348-2A3D6D438F24}"
EndProject
Global
	GlobalSection(SolutionConfigurationPlatforms) = preSolution
		Debug|Any CPU = Debug|Any CPU
		Release|Any CPU = Release|Any CPU
	EndGlobalSection
	GlobalSection(ProjectConfigurationPlatforms) = postSolution
		{91448681-0D1C-4C95-B348-2A3D6D438F24}.Debug|Any CPU.ActiveCfg = Debug|Any CPU
		{91448681-0D1C-4C95-B348-2A3D6D438F24}.Debug|Any CPU.Build.0 = Debug|Any CPU
		{91448681-0D1C-4C95-B348-2A3D6D438F24}.Release|Any CPU.ActiveCfg = Release|Any CPU
		{91448681-0D1C-4C95-B348-2A3D6D438F24}.Release|Any CPU.Build.0 = Release|Any CPU
	EndGlobalSection
	GlobalSection(SolutionProperties) = preSolution
		HideSolutionNode = FALSE
	EndGlobalSection
	GlobalSection(ExtensibilityGlobals) = postSolution
		SolutionGuid = {3A778F1E-4591-4747-B3E5-AF5E0BDF8AED}
	EndGlobalSection
EndGlobal
